
Microsoft Visual Studio Solution File, Format Version 12.00
# Visual Studio Version 17
VisualStudioVersion = 17.14.36327.8
MinimumVisualStudioVersion = 10.0.40219.1
Project("{FAE04EC0-301F-11D3-BF4B-00C04F79EFBC}") = "BudgetPal", "BudgetPal\BudgetPal.csproj", "{EBAF0C10-B1B8-42C4-8B7C-FA72FD176BFE}"
EndProject
Global
	GlobalSection(SolutionConfigurationPlatforms) = preSolution
		Debug|Any CPU = Debug|Any CPU
		Release|Any CPU = Release|Any CPU
	EndGlobalSection
	GlobalSection(ProjectConfigurationPlatforms) = postSolution
		{EBAF0C10-B1B8-42C4-8B7C-FA72FD176BFE}.Debug|Any CPU.ActiveCfg = Debug|Any CPU
		{EBAF0C10-B1B8-42C4-8B7C-FA72FD176BFE}.Debug|Any CPU.Build.0 = Debug|Any CPU
		{EBAF0C10-B1B8-42C4-8B7C-FA72FD176BFE}.Release|Any CPU.ActiveCfg = Release|Any CPU
		{EBAF0C10-B1B8-42C4-8B7C-FA72FD176BFE}.Release|Any CPU.Build.0 = Release|Any CPU
	EndGlobalSection
	GlobalSection(SolutionProperties) = preSolution
		HideSolutionNode = FALSE
	EndGlobalSection
	GlobalSection(ExtensibilityGlobals) = postSolution
		SolutionGuid = {023D138C-9AFB-485A-A7CC-412AEBAE00ED}
	EndGlobalSection
EndGlobal
